
Microsoft Visual Studio Solution File, Format Version 12.00
# Visual Studio 15
VisualStudioVersion = 15.0.28010.2050
MinimumVisualStudioVersion = 10.0.40219.1
Project("{FAE04EC0-301F-11D3-BF4B-00C04F79EFBC}") = "TestFlatBuffer", "TestFlatBuffer\TestFlatBuffer.csproj", "{5AC51195-28B0-4A01-BB3F-DC59CFC69FBE}"
EndProject
Project("{FAE04EC0-301F-11D3-BF4B-00C04F79EFBC}") = "TestTestFlatBuffer", "TestTestFlatBuffer\TestTestFlatBuffer.csproj", "{9C1F5D3E-45B5-450C-A197-2EBAF3B1CC10}"
EndProject
Global
	GlobalSection(SolutionConfigurationPlatforms) = preSolution
		Debug|Any CPU = Debug|Any CPU
		Release|Any CPU = Release|Any CPU
	EndGlobalSection
	GlobalSection(ProjectConfigurationPlatforms) = postSolution
		{5AC51195-28B0-4A01-BB3F-DC59CFC69FBE}.Debug|Any CPU.ActiveCfg = Debug|Any CPU
		{5AC51195-28B0-4A01-BB3F-DC59CFC69FBE}.Debug|Any CPU.Build.0 = Debug|Any CPU
		{5AC51195-28B0-4A01-BB3F-DC59CFC69FBE}.Release|Any CPU.ActiveCfg = Release|Any CPU
		{5AC51195-28B0-4A01-BB3F-DC59CFC69FBE}.Release|Any CPU.Build.0 = Release|Any CPU
		{9C1F5D3E-45B5-450C-A197-2EBAF3B1CC10}.Debug|Any CPU.ActiveCfg = Debug|Any CPU
		{9C1F5D3E-45B5-450C-A197-2EBAF3B1CC10}.Debug|Any CPU.Build.0 = Debug|Any CPU
		{9C1F5D3E-45B5-450C-A197-2EBAF3B1CC10}.Release|Any CPU.ActiveCfg = Release|Any CPU
		{9C1F5D3E-45B5-450C-A197-2EBAF3B1CC10}.Release|Any CPU.Build.0 = Release|Any CPU
	EndGlobalSection
	GlobalSection(SolutionProperties) = preSolution
		HideSolutionNode = FALSE
	EndGlobalSection
	GlobalSection(ExtensibilityGlobals) = postSolution
		SolutionGuid = {6096036C-F56A-4D11-9A23-7FF381143C00}
	EndGlobalSection
EndGlobal
